
Microsoft Visual Studio Solution File, Format Version 12.00
# Visual Studio 11
Project("{FAE04EC0-301F-11D3-BF4B-00C04F79EFBC}") = "GenericRepoWebApp", "GenericRepoWebApp\GenericRepoWebApp.csproj", "{E7FF95C9-F951-4B53-90F0-2F8E17AC1B65}"
EndProject
Project("{FAE04EC0-301F-11D3-BF4B-00C04F79EFBC}") = "GenericRepoWebApp.Data", "GenericRepoWebApp.Data\GenericRepoWebApp.Data.csproj", "{B2906184-24D3-40C2-A27F-8D179B76B435}"
EndProject
Project("{FAE04EC0-301F-11D3-BF4B-00C04F79EFBC}") = "GenericRepoWebApp.Test", "GenericRepoWebApp.Test\GenericRepoWebApp.Test.csproj", "{0EA1989B-9F44-4831-B70C-45A4FA40C1F9}"
EndProject
Project("{2150E333-8FDC-42A3-9474-1A3956D46DE8}") = "Solution Items", "Solution Items", "{559C1FD5-AF7F-4346-910F-85AC61AE76DD}"
	ProjectSection(SolutionItems) = preProject
		GenericRepoWebApp.vsmdi = GenericRepoWebApp.vsmdi
		Local.testsettings = Local.testsettings
		TraceAndTestImpact.testsettings = TraceAndTestImpact.testsettings
	EndProjectSection
EndProject
Global
	GlobalSection(TestCaseManagementSettings) = postSolution
		CategoryFile = GenericRepoWebApp.vsmdi
	EndGlobalSection
	GlobalSection(SolutionConfigurationPlatforms) = preSolution
		Debug|Any CPU = Debug|Any CPU
		Release|Any CPU = Release|Any CPU
	EndGlobalSection
	GlobalSection(ProjectConfigurationPlatforms) = postSolution
		{0EA1989B-9F44-4831-B70C-45A4FA40C1F9}.Debug|Any CPU.ActiveCfg = Debug|Any CPU
		{0EA1989B-9F44-4831-B70C-45A4FA40C1F9}.Debug|Any CPU.Build.0 = Debug|Any CPU
		{0EA1989B-9F44-4831-B70C-45A4FA40C1F9}.Release|Any CPU.ActiveCfg = Release|Any CPU
		{0EA1989B-9F44-4831-B70C-45A4FA40C1F9}.Release|Any CPU.Build.0 = Release|Any CPU
		{B2906184-24D3-40C2-A27F-8D179B76B435}.Debug|Any CPU.ActiveCfg = Debug|Any CPU
		{B2906184-24D3-40C2-A27F-8D179B76B435}.Debug|Any CPU.Build.0 = Debug|Any CPU
		{B2906184-24D3-40C2-A27F-8D179B76B435}.Release|Any CPU.ActiveCfg = Release|Any CPU
		{B2906184-24D3-40C2-A27F-8D179B76B435}.Release|Any CPU.Build.0 = Release|Any CPU
		{E7FF95C9-F951-4B53-90F0-2F8E17AC1B65}.Debug|Any CPU.ActiveCfg = Debug|Any CPU
		{E7FF95C9-F951-4B53-90F0-2F8E17AC1B65}.Debug|Any CPU.Build.0 = Debug|Any CPU
		{E7FF95C9-F951-4B53-90F0-2F8E17AC1B65}.Release|Any CPU.ActiveCfg = Release|Any CPU
		{E7FF95C9-F951-4B53-90F0-2F8E17AC1B65}.Release|Any CPU.Build.0 = Release|Any CPU
	EndGlobalSection
	GlobalSection(SolutionProperties) = preSolution
		HideSolutionNode = FALSE
	EndGlobalSection
EndGlobal
